
Microsoft Visual Studio Solution File, Format Version 12.00
# Visual Studio Version 16
VisualStudioVersion = 16.0.30413.136
MinimumVisualStudioVersion = 10.0.40219.1
Project("{9A19103F-16F7-4668-BE54-9A1E7A4F7556}") = "WebApp", "WebApp\WebApp.csproj", "{ACFEA9A4-EAF0-4CD1-8221-0CDE5A14ED79}"
EndProject
Project("{9A19103F-16F7-4668-BE54-9A1E7A4F7556}") = "DataContext", "DataContext\DataContext.csproj", "{1C7EA969-B482-4C37-95CA-B71654ABC215}"
EndProject
Project("{9A19103F-16F7-4668-BE54-9A1E7A4F7556}") = "DataBaseUpdater", "DataBaseUpdater\DataBaseUpdater.csproj", "{8E7BBF21-F6B8-45AE-A363-759083A87463}"
EndProject
Project("{9A19103F-16F7-4668-BE54-9A1E7A4F7556}") = "Models", "Models\Models.csproj", "{26384BE3-D677-44B8-8A8E-75CB60EF2DB7}"
EndProject
Project("{9A19103F-16F7-4668-BE54-9A1E7A4F7556}") = "ModelsOld", "ModelsStart\ModelsOld.csproj", "{2A286606-FD8A-4069-A0BD-5238DB1F0530}"
EndProject
Global
	GlobalSection(SolutionConfigurationPlatforms) = preSolution
		Debug|Any CPU = Debug|Any CPU
		Release|Any CPU = Release|Any CPU
	EndGlobalSection
	GlobalSection(ProjectConfigurationPlatforms) = postSolution
		{ACFEA9A4-EAF0-4CD1-8221-0CDE5A14ED79}.Debug|Any CPU.ActiveCfg = Debug|Any CPU
		{ACFEA9A4-EAF0-4CD1-8221-0CDE5A14ED79}.Debug|Any CPU.Build.0 = Debug|Any CPU
		{ACFEA9A4-EAF0-4CD1-8221-0CDE5A14ED79}.Release|Any CPU.ActiveCfg = Release|Any CPU
		{ACFEA9A4-EAF0-4CD1-8221-0CDE5A14ED79}.Release|Any CPU.Build.0 = Release|Any CPU
		{1C7EA969-B482-4C37-95CA-B71654ABC215}.Debug|Any CPU.ActiveCfg = Debug|Any CPU
		{1C7EA969-B482-4C37-95CA-B71654ABC215}.Debug|Any CPU.Build.0 = Debug|Any CPU
		{1C7EA969-B482-4C37-95CA-B71654ABC215}.Release|Any CPU.ActiveCfg = Release|Any CPU
		{1C7EA969-B482-4C37-95CA-B71654ABC215}.Release|Any CPU.Build.0 = Release|Any CPU
		{8E7BBF21-F6B8-45AE-A363-759083A87463}.Debug|Any CPU.ActiveCfg = Debug|Any CPU
		{8E7BBF21-F6B8-45AE-A363-759083A87463}.Debug|Any CPU.Build.0 = Debug|Any CPU
		{8E7BBF21-F6B8-45AE-A363-759083A87463}.Release|Any CPU.ActiveCfg = Release|Any CPU
		{8E7BBF21-F6B8-45AE-A363-759083A87463}.Release|Any CPU.Build.0 = Release|Any CPU
		{26384BE3-D677-44B8-8A8E-75CB60EF2DB7}.Debug|Any CPU.ActiveCfg = Debug|Any CPU
		{26384BE3-D677-44B8-8A8E-75CB60EF2DB7}.Debug|Any CPU.Build.0 = Debug|Any CPU
		{26384BE3-D677-44B8-8A8E-75CB60EF2DB7}.Release|Any CPU.ActiveCfg = Release|Any CPU
		{26384BE3-D677-44B8-8A8E-75CB60EF2DB7}.Release|Any CPU.Build.0 = Release|Any CPU
		{2A286606-FD8A-4069-A0BD-5238DB1F0530}.Debug|Any CPU.ActiveCfg = Debug|Any CPU
		{2A286606-FD8A-4069-A0BD-5238DB1F0530}.Debug|Any CPU.Build.0 = Debug|Any CPU
		{2A286606-FD8A-4069-A0BD-5238DB1F0530}.Release|Any CPU.ActiveCfg = Release|Any CPU
		{2A286606-FD8A-4069-A0BD-5238DB1F0530}.Release|Any CPU.Build.0 = Release|Any CPU
	EndGlobalSection
	GlobalSection(SolutionProperties) = preSolution
		HideSolutionNode = FALSE
	EndGlobalSection
	GlobalSection(ExtensibilityGlobals) = postSolution
		SolutionGuid = {1827573B-F723-4A11-B328-0F68EFE2A208}
	EndGlobalSection
EndGlobal
